// !$*UTF8*$!
{
	archiveVersion = 1;
	classes = {
	};
	objectVersion = 56;
	objects = {

/* Begin PBXBuildFile section */
		046692FA2B3EF2CA000DED64 /* MainPageVC.swift in Sources */ = {isa = PBXBuildFile; fileRef = 046692F92B3EF2CA000DED64 /* MainPageVC.swift */; };
		046692FC2B3F021A000DED64 /* MainPageViewModel.swift in Sources */ = {isa = PBXBuildFile; fileRef = 046692FB2B3F021A000DED64 /* MainPageViewModel.swift */; };
		046692FF2B3F3BF5000DED64 /* DishCell.swift in Sources */ = {isa = PBXBuildFile; fileRef = 046692FE2B3F3BF5000DED64 /* DishCell.swift */; };
		046693022B3F415E000DED64 /* CustomImageView.swift in Sources */ = {isa = PBXBuildFile; fileRef = 046693012B3F415E000DED64 /* CustomImageView.swift */; };
		046693052B3F50EA000DED64 /* Product.swift in Sources */ = {isa = PBXBuildFile; fileRef = 046693042B3F50EA000DED64 /* Product.swift */; };
		046693182B454B78000DED64 /* AdminPageVC.swift in Sources */ = {isa = PBXBuildFile; fileRef = 046693172B454B78000DED64 /* AdminPageVC.swift */; };
		0466931A2B454BAF000DED64 /* AdminPageViewModel.swift in Sources */ = {isa = PBXBuildFile; fileRef = 046693192B454BAF000DED64 /* AdminPageViewModel.swift */; };
		0466931F2B45748A000DED64 /* CellView.swift in Sources */ = {isa = PBXBuildFile; fileRef = 0466931E2B45748A000DED64 /* CellView.swift */; };
		046693312B4AC32F000DED64 /* GoogleService-Info.plist in Resources */ = {isa = PBXBuildFile; fileRef = 046693302B4AC32F000DED64 /* GoogleService-Info.plist */; };
		046693342B4AC5A5000DED64 /* FirebaseAnalytics in Frameworks */ = {isa = PBXBuildFile; productRef = 046693332B4AC5A5000DED64 /* FirebaseAnalytics */; };
		046693362B4AC5A5000DED64 /* FirebaseAnalyticsOnDeviceConversion in Frameworks */ = {isa = PBXBuildFile; productRef = 046693352B4AC5A5000DED64 /* FirebaseAnalyticsOnDeviceConversion */; };
		046693382B4AC5A5000DED64 /* FirebaseAnalyticsSwift in Frameworks */ = {isa = PBXBuildFile; productRef = 046693372B4AC5A5000DED64 /* FirebaseAnalyticsSwift */; };
		0466933A2B4AC5A5000DED64 /* FirebaseAnalyticsWithoutAdIdSupport in Frameworks */ = {isa = PBXBuildFile; productRef = 046693392B4AC5A5000DED64 /* FirebaseAnalyticsWithoutAdIdSupport */; };
		0466933E2B4AC5A5000DED64 /* FirebaseAppDistribution-Beta in Frameworks */ = {isa = PBXBuildFile; productRef = 0466933D2B4AC5A5000DED64 /* FirebaseAppDistribution-Beta */; };
		046693402B4AC5A5000DED64 /* FirebaseAuth in Frameworks */ = {isa = PBXBuildFile; productRef = 0466933F2B4AC5A5000DED64 /* FirebaseAuth */; };
		046693422B4AC5A5000DED64 /* FirebaseAuthCombine-Community in Frameworks */ = {isa = PBXBuildFile; productRef = 046693412B4AC5A5000DED64 /* FirebaseAuthCombine-Community */; };
		046693442B4AC5A5000DED64 /* FirebaseCrashlytics in Frameworks */ = {isa = PBXBuildFile; productRef = 046693432B4AC5A5000DED64 /* FirebaseCrashlytics */; };
		046693462B4AC5A5000DED64 /* FirebaseDatabase in Frameworks */ = {isa = PBXBuildFile; productRef = 046693452B4AC5A5000DED64 /* FirebaseDatabase */; };
		046693482B4AC5A5000DED64 /* FirebaseDatabaseSwift in Frameworks */ = {isa = PBXBuildFile; productRef = 046693472B4AC5A5000DED64 /* FirebaseDatabaseSwift */; };
		0466934A2B4AC5A5000DED64 /* FirebaseDynamicLinks in Frameworks */ = {isa = PBXBuildFile; productRef = 046693492B4AC5A5000DED64 /* FirebaseDynamicLinks */; };
		0466934C2B4AC5A5000DED64 /* FirebaseFirestore in Frameworks */ = {isa = PBXBuildFile; productRef = 0466934B2B4AC5A5000DED64 /* FirebaseFirestore */; };
		0466934E2B4AC5A5000DED64 /* FirebaseFirestoreSwift in Frameworks */ = {isa = PBXBuildFile; productRef = 0466934D2B4AC5A5000DED64 /* FirebaseFirestoreSwift */; };
		046693502B4AC5A5000DED64 /* FirebaseFunctions in Frameworks */ = {isa = PBXBuildFile; productRef = 0466934F2B4AC5A5000DED64 /* FirebaseFunctions */; };
		046693522B4AC5A5000DED64 /* FirebaseInstallations in Frameworks */ = {isa = PBXBuildFile; productRef = 046693512B4AC5A5000DED64 /* FirebaseInstallations */; };
		046693542B4AC5A5000DED64 /* FirebaseMLModelDownloader in Frameworks */ = {isa = PBXBuildFile; productRef = 046693532B4AC5A5000DED64 /* FirebaseMLModelDownloader */; };
		046693562B4AC5A5000DED64 /* FirebaseMessaging in Frameworks */ = {isa = PBXBuildFile; productRef = 046693552B4AC5A5000DED64 /* FirebaseMessaging */; };
		046693582B4AC5A5000DED64 /* FirebasePerformance in Frameworks */ = {isa = PBXBuildFile; productRef = 046693572B4AC5A5000DED64 /* FirebasePerformance */; };
		0466935A2B4AC5A5000DED64 /* FirebaseRemoteConfig in Frameworks */ = {isa = PBXBuildFile; productRef = 046693592B4AC5A5000DED64 /* FirebaseRemoteConfig */; };
		0466935C2B4AC5A5000DED64 /* FirebaseRemoteConfigSwift in Frameworks */ = {isa = PBXBuildFile; productRef = 0466935B2B4AC5A5000DED64 /* FirebaseRemoteConfigSwift */; };
		0466935E2B4AC5A5000DED64 /* FirebaseStorage in Frameworks */ = {isa = PBXBuildFile; productRef = 0466935D2B4AC5A5000DED64 /* FirebaseStorage */; };
		046699562B4C80180053C1BD /* FirebaseManager.swift in Sources */ = {isa = PBXBuildFile; fileRef = 046699552B4C80180053C1BD /* FirebaseManager.swift */; };
		046699582B4C8A260053C1BD /* FirebaseHelper.swift in Sources */ = {isa = PBXBuildFile; fileRef = 046699572B4C8A260053C1BD /* FirebaseHelper.swift */; };
		0466995E2B4DF46B0053C1BD /* GetDailyMainDish.swift in Sources */ = {isa = PBXBuildFile; fileRef = 0466995D2B4DF46B0053C1BD /* GetDailyMainDish.swift */; };
		046699602B4DF6CB0053C1BD /* FirebaseConstants.swift in Sources */ = {isa = PBXBuildFile; fileRef = 0466995F2B4DF6CB0053C1BD /* FirebaseConstants.swift */; };
		046699622B4E98CD0053C1BD /* GetDailyDessert.swift in Sources */ = {isa = PBXBuildFile; fileRef = 046699612B4E98CD0053C1BD /* GetDailyDessert.swift */; };
		046699672B4EA0920053C1BD /* FirebaseAppCheck in Frameworks */ = {isa = PBXBuildFile; productRef = 046699662B4EA0920053C1BD /* FirebaseAppCheck */; };
		046699692B4EAF4F0053C1BD /* GetAllDrink.swift in Sources */ = {isa = PBXBuildFile; fileRef = 046699682B4EAF4F0053C1BD /* GetAllDrink.swift */; };
		0466996B2B4EC0170053C1BD /* User.swift in Sources */ = {isa = PBXBuildFile; fileRef = 0466996A2B4EC0170053C1BD /* User.swift */; };
		0466998A2B50825A0053C1BD /* GetAllMainDish.swift in Sources */ = {isa = PBXBuildFile; fileRef = 046699892B50825A0053C1BD /* GetAllMainDish.swift */; };
		0466998C2B5082660053C1BD /* GetAllDessert.swift in Sources */ = {isa = PBXBuildFile; fileRef = 0466998B2B5082660053C1BD /* GetAllDessert.swift */; };
		0466998E2B5082700053C1BD /* GetAllSnack.swift in Sources */ = {isa = PBXBuildFile; fileRef = 0466998D2B5082700053C1BD /* GetAllSnack.swift */; };
		046699902B50827A0053C1BD /* GetDailySnack.swift in Sources */ = {isa = PBXBuildFile; fileRef = 0466998F2B50827A0053C1BD /* GetDailySnack.swift */; };
		047EA7F62B552EB000B3DDC7 /* SDWebImage in Frameworks */ = {isa = PBXBuildFile; productRef = 047EA7F52B552EB000B3DDC7 /* SDWebImage */; };
		047EA7F82B59A01000B3DDC7 /* CustomWorkingHourView.swift in Sources */ = {isa = PBXBuildFile; fileRef = 047EA7F72B59A01000B3DDC7 /* CustomWorkingHourView.swift */; };
		047EA7FA2B59A53600B3DDC7 /* UIViewController+Extension.swift in Sources */ = {isa = PBXBuildFile; fileRef = 047EA7F92B59A53600B3DDC7 /* UIViewController+Extension.swift */; };
		04A143762BFC79A00034441B /* UpdateProductViewModel.swift in Sources */ = {isa = PBXBuildFile; fileRef = 04A143752BFC79A00034441B /* UpdateProductViewModel.swift */; };
		04B268E22B3D7DAD0096CB0C /* AppDelegate.swift in Sources */ = {isa = PBXBuildFile; fileRef = 04B268E12B3D7DAD0096CB0C /* AppDelegate.swift */; };
		04B268E42B3D7DAD0096CB0C /* SceneDelegate.swift in Sources */ = {isa = PBXBuildFile; fileRef = 04B268E32B3D7DAD0096CB0C /* SceneDelegate.swift */; };
		04B268E62B3D7DAD0096CB0C /* OnboardingVC.swift in Sources */ = {isa = PBXBuildFile; fileRef = 04B268E52B3D7DAD0096CB0C /* OnboardingVC.swift */; };
		04B268EC2B3D7DAD0096CB0C /* New_Hall_Cati.xcdatamodeld in Sources */ = {isa = PBXBuildFile; fileRef = 04B268EA2B3D7DAD0096CB0C /* New_Hall_Cati.xcdatamodeld */; };
		04B268EE2B3D7DAE0096CB0C /* Assets.xcassets in Resources */ = {isa = PBXBuildFile; fileRef = 04B268ED2B3D7DAE0096CB0C /* Assets.xcassets */; };
		04B268F12B3D7DAE0096CB0C /* LaunchScreen.storyboard in Resources */ = {isa = PBXBuildFile; fileRef = 04B268EF2B3D7DAE0096CB0C /* LaunchScreen.storyboard */; };
		04B268FC2B3D7DAE0096CB0C /* New_Hall_CatiTests.swift in Sources */ = {isa = PBXBuildFile; fileRef = 04B268FB2B3D7DAE0096CB0C /* New_Hall_CatiTests.swift */; };
		04B269062B3D7DAE0096CB0C /* New_Hall_CatiUITests.swift in Sources */ = {isa = PBXBuildFile; fileRef = 04B269052B3D7DAE0096CB0C /* New_Hall_CatiUITests.swift */; };
		04B269082B3D7DAE0096CB0C /* New_Hall_CatiUITestsLaunchTests.swift in Sources */ = {isa = PBXBuildFile; fileRef = 04B269072B3D7DAE0096CB0C /* New_Hall_CatiUITestsLaunchTests.swift */; };
		04B269192B3D84FC0096CB0C /* Constants.swift in Sources */ = {isa = PBXBuildFile; fileRef = 04B269182B3D84FC0096CB0C /* Constants.swift */; };
		04B2691B2B3D86680096CB0C /* OnboardingViewModel.swift in Sources */ = {isa = PBXBuildFile; fileRef = 04B2691A2B3D86680096CB0C /* OnboardingViewModel.swift */; };
		04B2691E2B3D9FE60096CB0C /* Pacifico-Regular.ttf in Resources */ = {isa = PBXBuildFile; fileRef = 04B2691D2B3D9FE60096CB0C /* Pacifico-Regular.ttf */; };
		04B269212B3DA07D0096CB0C /* UIFont+Extension.swift in Sources */ = {isa = PBXBuildFile; fileRef = 04B269202B3DA07D0096CB0C /* UIFont+Extension.swift */; };
		04EC24E72BF5F3DF00BDF80E /* NewProductVC.swift in Sources */ = {isa = PBXBuildFile; fileRef = 04EC24E62BF5F3DF00BDF80E /* NewProductVC.swift */; };
		04EC24EA2BF6495100BDF80E /* UpdateProductVC.swift in Sources */ = {isa = PBXBuildFile; fileRef = 04EC24E92BF6495100BDF80E /* UpdateProductVC.swift */; };
/* End PBXBuildFile section */

/* Begin PBXContainerItemProxy section */
		04B268F82B3D7DAE0096CB0C /* PBXContainerItemProxy */ = {
			isa = PBXContainerItemProxy;
			containerPortal = 04B268D62B3D7DAD0096CB0C /* Project object */;
			proxyType = 1;
			remoteGlobalIDString = 04B268DD2B3D7DAD0096CB0C;
			remoteInfo = "New Hall Cati";
		};
		04B269022B3D7DAE0096CB0C /* PBXContainerItemProxy */ = {
			isa = PBXContainerItemProxy;
			containerPortal = 04B268D62B3D7DAD0096CB0C /* Project object */;
			proxyType = 1;
			remoteGlobalIDString = 04B268DD2B3D7DAD0096CB0C;
			remoteInfo = "New Hall Cati";
		};
/* End PBXContainerItemProxy section */

/* Begin PBXFileReference section */
		046692F92B3EF2CA000DED64 /* MainPageVC.swift */ = {isa = PBXFileReference; lastKnownFileType = sourcecode.swift; path = MainPageVC.swift; sourceTree = "<group>"; };
		046692FB2B3F021A000DED64 /* MainPageViewModel.swift */ = {isa = PBXFileReference; lastKnownFileType = sourcecode.swift; path = MainPageViewModel.swift; sourceTree = "<group>"; };
		046692FE2B3F3BF5000DED64 /* DishCell.swift */ = {isa = PBXFileReference; lastKnownFileType = sourcecode.swift; path = DishCell.swift; sourceTree = "<group>"; };
		046693012B3F415E000DED64 /* CustomImageView.swift */ = {isa = PBXFileReference; lastKnownFileType = sourcecode.swift; path = CustomImageView.swift; sourceTree = "<group>"; };
		046693042B3F50EA000DED64 /* Product.swift */ = {isa = PBXFileReference; lastKnownFileType = sourcecode.swift; path = Product.swift; sourceTree = "<group>"; };
		046693172B454B78000DED64 /* AdminPageVC.swift */ = {isa = PBXFileReference; lastKnownFileType = sourcecode.swift; path = AdminPageVC.swift; sourceTree = "<group>"; };
		046693192B454BAF000DED64 /* AdminPageViewModel.swift */ = {isa = PBXFileReference; lastKnownFileType = sourcecode.swift; path = AdminPageViewModel.swift; sourceTree = "<group>"; };
		0466931E2B45748A000DED64 /* CellView.swift */ = {isa = PBXFileReference; lastKnownFileType = sourcecode.swift; path = CellView.swift; sourceTree = "<group>"; };
		046693302B4AC32F000DED64 /* GoogleService-Info.plist */ = {isa = PBXFileReference; fileEncoding = 4; lastKnownFileType = text.plist.xml; path = "GoogleService-Info.plist"; sourceTree = "<group>"; };
		046699552B4C80180053C1BD /* FirebaseManager.swift */ = {isa = PBXFileReference; lastKnownFileType = sourcecode.swift; path = FirebaseManager.swift; sourceTree = "<group>"; };
		046699572B4C8A260053C1BD /* FirebaseHelper.swift */ = {isa = PBXFileReference; lastKnownFileType = sourcecode.swift; path = FirebaseHelper.swift; sourceTree = "<group>"; };
		0466995D2B4DF46B0053C1BD /* GetDailyMainDish.swift */ = {isa = PBXFileReference; lastKnownFileType = sourcecode.swift; path = GetDailyMainDish.swift; sourceTree = "<group>"; };
		0466995F2B4DF6CB0053C1BD /* FirebaseConstants.swift */ = {isa = PBXFileReference; lastKnownFileType = sourcecode.swift; path = FirebaseConstants.swift; sourceTree = "<group>"; };
		046699612B4E98CD0053C1BD /* GetDailyDessert.swift */ = {isa = PBXFileReference; lastKnownFileType = sourcecode.swift; path = GetDailyDessert.swift; sourceTree = "<group>"; };
		046699682B4EAF4F0053C1BD /* GetAllDrink.swift */ = {isa = PBXFileReference; lastKnownFileType = sourcecode.swift; path = GetAllDrink.swift; sourceTree = "<group>"; };
		0466996A2B4EC0170053C1BD /* User.swift */ = {isa = PBXFileReference; fileEncoding = 4; lastKnownFileType = sourcecode.swift; path = User.swift; sourceTree = "<group>"; };
		046699892B50825A0053C1BD /* GetAllMainDish.swift */ = {isa = PBXFileReference; lastKnownFileType = sourcecode.swift; path = GetAllMainDish.swift; sourceTree = "<group>"; };
		0466998B2B5082660053C1BD /* GetAllDessert.swift */ = {isa = PBXFileReference; lastKnownFileType = sourcecode.swift; path = GetAllDessert.swift; sourceTree = "<group>"; };
		0466998D2B5082700053C1BD /* GetAllSnack.swift */ = {isa = PBXFileReference; lastKnownFileType = sourcecode.swift; path = GetAllSnack.swift; sourceTree = "<group>"; };
		0466998F2B50827A0053C1BD /* GetDailySnack.swift */ = {isa = PBXFileReference; lastKnownFileType = sourcecode.swift; path = GetDailySnack.swift; sourceTree = "<group>"; };
		047EA7F72B59A01000B3DDC7 /* CustomWorkingHourView.swift */ = {isa = PBXFileReference; lastKnownFileType = sourcecode.swift; path = CustomWorkingHourView.swift; sourceTree = "<group>"; };
		047EA7F92B59A53600B3DDC7 /* UIViewController+Extension.swift */ = {isa = PBXFileReference; lastKnownFileType = sourcecode.swift; path = "UIViewController+Extension.swift"; sourceTree = "<group>"; };
		04A143752BFC79A00034441B /* UpdateProductViewModel.swift */ = {isa = PBXFileReference; lastKnownFileType = sourcecode.swift; path = UpdateProductViewModel.swift; sourceTree = "<group>"; };
		04B268DE2B3D7DAD0096CB0C /* New Hall Cati.app */ = {isa = PBXFileReference; explicitFileType = wrapper.application; includeInIndex = 0; path = "New Hall Cati.app"; sourceTree = BUILT_PRODUCTS_DIR; };
		04B268E12B3D7DAD0096CB0C /* AppDelegate.swift */ = {isa = PBXFileReference; lastKnownFileType = sourcecode.swift; path = AppDelegate.swift; sourceTree = "<group>"; };
		04B268E32B3D7DAD0096CB0C /* SceneDelegate.swift */ = {isa = PBXFileReference; lastKnownFileType = sourcecode.swift; path = SceneDelegate.swift; sourceTree = "<group>"; };
		04B268E52B3D7DAD0096CB0C /* OnboardingVC.swift */ = {isa = PBXFileReference; lastKnownFileType = sourcecode.swift; path = OnboardingVC.swift; sourceTree = "<group>"; };
		04B268EB2B3D7DAD0096CB0C /* New_Hall_Cati.xcdatamodel */ = {isa = PBXFileReference; lastKnownFileType = wrapper.xcdatamodel; path = New_Hall_Cati.xcdatamodel; sourceTree = "<group>"; };
		04B268ED2B3D7DAE0096CB0C /* Assets.xcassets */ = {isa = PBXFileReference; lastKnownFileType = folder.assetcatalog; path = Assets.xcassets; sourceTree = "<group>"; };
		04B268F02B3D7DAE0096CB0C /* Base */ = {isa = PBXFileReference; lastKnownFileType = file.storyboard; name = Base; path = Base.lproj/LaunchScreen.storyboard; sourceTree = "<group>"; };
		04B268F22B3D7DAE0096CB0C /* Info.plist */ = {isa = PBXFileReference; lastKnownFileType = text.plist.xml; path = Info.plist; sourceTree = "<group>"; };
		04B268F72B3D7DAE0096CB0C /* New Hall CatiTests.xctest */ = {isa = PBXFileReference; explicitFileType = wrapper.cfbundle; includeInIndex = 0; path = "New Hall CatiTests.xctest"; sourceTree = BUILT_PRODUCTS_DIR; };
		04B268FB2B3D7DAE0096CB0C /* New_Hall_CatiTests.swift */ = {isa = PBXFileReference; lastKnownFileType = sourcecode.swift; path = New_Hall_CatiTests.swift; sourceTree = "<group>"; };
		04B269012B3D7DAE0096CB0C /* New Hall CatiUITests.xctest */ = {isa = PBXFileReference; explicitFileType = wrapper.cfbundle; includeInIndex = 0; path = "New Hall CatiUITests.xctest"; sourceTree = BUILT_PRODUCTS_DIR; };
		04B269052B3D7DAE0096CB0C /* New_Hall_CatiUITests.swift */ = {isa = PBXFileReference; lastKnownFileType = sourcecode.swift; path = New_Hall_CatiUITests.swift; sourceTree = "<group>"; };
		04B269072B3D7DAE0096CB0C /* New_Hall_CatiUITestsLaunchTests.swift */ = {isa = PBXFileReference; lastKnownFileType = sourcecode.swift; path = New_Hall_CatiUITestsLaunchTests.swift; sourceTree = "<group>"; };
		04B269182B3D84FC0096CB0C /* Constants.swift */ = {isa = PBXFileReference; lastKnownFileType = sourcecode.swift; path = Constants.swift; sourceTree = "<group>"; };
		04B2691A2B3D86680096CB0C /* OnboardingViewModel.swift */ = {isa = PBXFileReference; lastKnownFileType = sourcecode.swift; path = OnboardingViewModel.swift; sourceTree = "<group>"; };
		04B2691D2B3D9FE60096CB0C /* Pacifico-Regular.ttf */ = {isa = PBXFileReference; lastKnownFileType = file; path = "Pacifico-Regular.ttf"; sourceTree = "<group>"; };
		04B269202B3DA07D0096CB0C /* UIFont+Extension.swift */ = {isa = PBXFileReference; lastKnownFileType = sourcecode.swift; path = "UIFont+Extension.swift"; sourceTree = "<group>"; };
		04EC24E62BF5F3DF00BDF80E /* NewProductVC.swift */ = {isa = PBXFileReference; lastKnownFileType = sourcecode.swift; path = NewProductVC.swift; sourceTree = "<group>"; };
		04EC24E92BF6495100BDF80E /* UpdateProductVC.swift */ = {isa = PBXFileReference; lastKnownFileType = sourcecode.swift; path = UpdateProductVC.swift; sourceTree = "<group>"; };
/* End PBXFileReference section */

/* Begin PBXFrameworksBuildPhase section */
		04B268DB2B3D7DAD0096CB0C /* Frameworks */ = {
			isa = PBXFrameworksBuildPhase;
			buildActionMask = 2147483647;
			files = (
				046693562B4AC5A5000DED64 /* FirebaseMessaging in Frameworks */,
				046693542B4AC5A5000DED64 /* FirebaseMLModelDownloader in Frameworks */,
				046693462B4AC5A5000DED64 /* FirebaseDatabase in Frameworks */,
				0466935C2B4AC5A5000DED64 /* FirebaseRemoteConfigSwift in Frameworks */,
				0466934C2B4AC5A5000DED64 /* FirebaseFirestore in Frameworks */,
				046693382B4AC5A5000DED64 /* FirebaseAnalyticsSwift in Frameworks */,
				0466934E2B4AC5A5000DED64 /* FirebaseFirestoreSwift in Frameworks */,
				046693342B4AC5A5000DED64 /* FirebaseAnalytics in Frameworks */,
				046693362B4AC5A5000DED64 /* FirebaseAnalyticsOnDeviceConversion in Frameworks */,
				0466933A2B4AC5A5000DED64 /* FirebaseAnalyticsWithoutAdIdSupport in Frameworks */,
				046699672B4EA0920053C1BD /* FirebaseAppCheck in Frameworks */,
				046693402B4AC5A5000DED64 /* FirebaseAuth in Frameworks */,
				047EA7F62B552EB000B3DDC7 /* SDWebImage in Frameworks */,
				046693442B4AC5A5000DED64 /* FirebaseCrashlytics in Frameworks */,
				046693482B4AC5A5000DED64 /* FirebaseDatabaseSwift in Frameworks */,
				046693522B4AC5A5000DED64 /* FirebaseInstallations in Frameworks */,
				046693582B4AC5A5000DED64 /* FirebasePerformance in Frameworks */,
				0466933E2B4AC5A5000DED64 /* FirebaseAppDistribution-Beta in Frameworks */,
				046693502B4AC5A5000DED64 /* FirebaseFunctions in Frameworks */,
				046693422B4AC5A5000DED64 /* FirebaseAuthCombine-Community in Frameworks */,
				0466935E2B4AC5A5000DED64 /* FirebaseStorage in Frameworks */,
				0466934A2B4AC5A5000DED64 /* FirebaseDynamicLinks in Frameworks */,
				0466935A2B4AC5A5000DED64 /* FirebaseRemoteConfig in Frameworks */,
			);
			runOnlyForDeploymentPostprocessing = 0;
		};
		04B268F42B3D7DAE0096CB0C /* Frameworks */ = {
			isa = PBXFrameworksBuildPhase;
			buildActionMask = 2147483647;
			files = (
			);
			runOnlyForDeploymentPostprocessing = 0;
		};
		04B268FE2B3D7DAE0096CB0C /* Frameworks */ = {
			isa = PBXFrameworksBuildPhase;
			buildActionMask = 2147483647;
			files = (
			);
			runOnlyForDeploymentPostprocessing = 0;
		};
/* End PBXFrameworksBuildPhase section */

/* Begin PBXGroup section */
		046692F82B3EF2A2000DED64 /* MainPage */ = {
			isa = PBXGroup;
			children = (
				046693242B4AAB9C000DED64 /* ViewController */,
				046693202B480E1E000DED64 /* ViewModel */,
				046692FD2B3F3BC0000DED64 /* MainDishCell */,
			);
			path = MainPage;
			sourceTree = "<group>";
		};
		046692FD2B3F3BC0000DED64 /* MainDishCell */ = {
			isa = PBXGroup;
			children = (
				046692FE2B3F3BF5000DED64 /* DishCell.swift */,
			);
			path = MainDishCell;
			sourceTree = "<group>";
		};
		046693002B3F4127000DED64 /* CustomView */ = {
			isa = PBXGroup;
			children = (
				046693012B3F415E000DED64 /* CustomImageView.swift */,
				047EA7F72B59A01000B3DDC7 /* CustomWorkingHourView.swift */,
			);
			path = CustomView;
			sourceTree = "<group>";
		};
		046693032B3F50D3000DED64 /* Models */ = {
			isa = PBXGroup;
			children = (
				046693042B3F50EA000DED64 /* Product.swift */,
				0466996A2B4EC0170053C1BD /* User.swift */,
			);
			path = Models;
			sourceTree = "<group>";
		};
		046693162B454B53000DED64 /* AdmingPage */ = {
			isa = PBXGroup;
			children = (
				046693272B4AABDF000DED64 /* ViewController */,
				046693232B4AAB83000DED64 /* ViewModel */,
				0466931D2B457459000DED64 /* TableViewCell */,
			);
			path = AdmingPage;
			sourceTree = "<group>";
		};
		0466931D2B457459000DED64 /* TableViewCell */ = {
			isa = PBXGroup;
			children = (
				0466931E2B45748A000DED64 /* CellView.swift */,
			);
			path = TableViewCell;
			sourceTree = "<group>";
		};
		046693202B480E1E000DED64 /* ViewModel */ = {
			isa = PBXGroup;
			children = (
				046692FB2B3F021A000DED64 /* MainPageViewModel.swift */,
			);
			path = ViewModel;
			sourceTree = "<group>";
		};
		046693232B4AAB83000DED64 /* ViewModel */ = {
			isa = PBXGroup;
			children = (
				046693192B454BAF000DED64 /* AdminPageViewModel.swift */,
			);
			path = ViewModel;
			sourceTree = "<group>";
		};
		046693242B4AAB9C000DED64 /* ViewController */ = {
			isa = PBXGroup;
			children = (
				046692F92B3EF2CA000DED64 /* MainPageVC.swift */,
			);
			path = ViewController;
			sourceTree = "<group>";
		};
		046693252B4AABAA000DED64 /* ViewModel */ = {
			isa = PBXGroup;
			children = (
				04B2691A2B3D86680096CB0C /* OnboardingViewModel.swift */,
			);
			path = ViewModel;
			sourceTree = "<group>";
		};
		046693262B4AABB3000DED64 /* ViewController */ = {
			isa = PBXGroup;
			children = (
				04B268E52B3D7DAD0096CB0C /* OnboardingVC.swift */,
			);
			path = ViewController;
			sourceTree = "<group>";
		};
		046693272B4AABDF000DED64 /* ViewController */ = {
			isa = PBXGroup;
			children = (
				046693172B454B78000DED64 /* AdminPageVC.swift */,
			);
			path = ViewController;
			sourceTree = "<group>";
		};
		046699542B4C7FF50053C1BD /* Service */ = {
			isa = PBXGroup;
			children = (
				0466995B2B4DF4170053C1BD /* Manager */,
				0466995C2B4DF44A0053C1BD /* Layer */,
			);
			path = Service;
			sourceTree = "<group>";
		};
		0466995B2B4DF4170053C1BD /* Manager */ = {
			isa = PBXGroup;
			children = (
				046699552B4C80180053C1BD /* FirebaseManager.swift */,
				046699572B4C8A260053C1BD /* FirebaseHelper.swift */,
			);
			path = Manager;
			sourceTree = "<group>";
		};
		0466995C2B4DF44A0053C1BD /* Layer */ = {
			isa = PBXGroup;
			children = (
				0466995D2B4DF46B0053C1BD /* GetDailyMainDish.swift */,
				046699612B4E98CD0053C1BD /* GetDailyDessert.swift */,
				046699682B4EAF4F0053C1BD /* GetAllDrink.swift */,
				046699892B50825A0053C1BD /* GetAllMainDish.swift */,
				0466998B2B5082660053C1BD /* GetAllDessert.swift */,
				0466998D2B5082700053C1BD /* GetAllSnack.swift */,
				0466998F2B50827A0053C1BD /* GetDailySnack.swift */,
			);
			path = Layer;
			sourceTree = "<group>";
		};
		046699652B4EA0920053C1BD /* Frameworks */ = {
			isa = PBXGroup;
			children = (
			);
			name = Frameworks;
			sourceTree = "<group>";
		};
		04B268D52B3D7DAD0096CB0C = {
			isa = PBXGroup;
			children = (
				04B268E02B3D7DAD0096CB0C /* New Hall Cati */,
				04B268FA2B3D7DAE0096CB0C /* New Hall CatiTests */,
				04B269042B3D7DAE0096CB0C /* New Hall CatiUITests */,
				04B268DF2B3D7DAD0096CB0C /* Products */,
				046699652B4EA0920053C1BD /* Frameworks */,
			);
			sourceTree = "<group>";
		};
		04B268DF2B3D7DAD0096CB0C /* Products */ = {
			isa = PBXGroup;
			children = (
				04B268DE2B3D7DAD0096CB0C /* New Hall Cati.app */,
				04B268F72B3D7DAE0096CB0C /* New Hall CatiTests.xctest */,
				04B269012B3D7DAE0096CB0C /* New Hall CatiUITests.xctest */,
			);
			name = Products;
			sourceTree = "<group>";
		};
		04B268E02B3D7DAD0096CB0C /* New Hall Cati */ = {
			isa = PBXGroup;
			children = (
				046699542B4C7FF50053C1BD /* Service */,
				046693032B3F50D3000DED64 /* Models */,
				046693002B3F4127000DED64 /* CustomView */,
				04B2691F2B3DA0630096CB0C /* Extension */,
				04B2691C2B3D9FBA0096CB0C /* Fonts */,
				04B269172B3D84EC0096CB0C /* Utilities */,
				04B269162B3D849C0096CB0C /* Screens */,
				04B269142B3D80AA0096CB0C /* Support */,
				04B268F22B3D7DAE0096CB0C /* Info.plist */,
				046693302B4AC32F000DED64 /* GoogleService-Info.plist */,
				04B268EA2B3D7DAD0096CB0C /* New_Hall_Cati.xcdatamodeld */,
			);
			path = "New Hall Cati";
			sourceTree = "<group>";
		};
		04B268FA2B3D7DAE0096CB0C /* New Hall CatiTests */ = {
			isa = PBXGroup;
			children = (
				04B268FB2B3D7DAE0096CB0C /* New_Hall_CatiTests.swift */,
			);
			path = "New Hall CatiTests";
			sourceTree = "<group>";
		};
		04B269042B3D7DAE0096CB0C /* New Hall CatiUITests */ = {
			isa = PBXGroup;
			children = (
				04B269052B3D7DAE0096CB0C /* New_Hall_CatiUITests.swift */,
				04B269072B3D7DAE0096CB0C /* New_Hall_CatiUITestsLaunchTests.swift */,
			);
			path = "New Hall CatiUITests";
			sourceTree = "<group>";
		};
		04B269142B3D80AA0096CB0C /* Support */ = {
			isa = PBXGroup;
			children = (
				04B268EF2B3D7DAE0096CB0C /* LaunchScreen.storyboard */,
				04B268ED2B3D7DAE0096CB0C /* Assets.xcassets */,
				04B268E12B3D7DAD0096CB0C /* AppDelegate.swift */,
				04B268E32B3D7DAD0096CB0C /* SceneDelegate.swift */,
			);
			path = Support;
			sourceTree = "<group>";
		};
		04B269152B3D848C0096CB0C /* Onboarding */ = {
			isa = PBXGroup;
			children = (
				046693262B4AABB3000DED64 /* ViewController */,
				046693252B4AABAA000DED64 /* ViewModel */,
			);
			path = Onboarding;
			sourceTree = "<group>";
		};
		04B269162B3D849C0096CB0C /* Screens */ = {
			isa = PBXGroup;
			children = (
				04EC24E82BF6494100BDF80E /* UpdateProductPage */,
				04EC24E52BF5F3C600BDF80E /* NewProductPage */,
				046693162B454B53000DED64 /* AdmingPage */,
				046692F82B3EF2A2000DED64 /* MainPage */,
				04B269152B3D848C0096CB0C /* Onboarding */,
			);
			path = Screens;
			sourceTree = "<group>";
		};
		04B269172B3D84EC0096CB0C /* Utilities */ = {
			isa = PBXGroup;
			children = (
				04B269182B3D84FC0096CB0C /* Constants.swift */,
				0466995F2B4DF6CB0053C1BD /* FirebaseConstants.swift */,
			);
			path = Utilities;
			sourceTree = "<group>";
		};
		04B2691C2B3D9FBA0096CB0C /* Fonts */ = {
			isa = PBXGroup;
			children = (
				04B2691D2B3D9FE60096CB0C /* Pacifico-Regular.ttf */,
			);
			path = Fonts;
			sourceTree = "<group>";
		};
		04B2691F2B3DA0630096CB0C /* Extension */ = {
			isa = PBXGroup;
			children = (
				04B269202B3DA07D0096CB0C /* UIFont+Extension.swift */,
				047EA7F92B59A53600B3DDC7 /* UIViewController+Extension.swift */,
			);
			path = Extension;
			sourceTree = "<group>";
		};
		04EC24E52BF5F3C600BDF80E /* NewProductPage */ = {
			isa = PBXGroup;
			children = (
				04EC24E62BF5F3DF00BDF80E /* NewProductVC.swift */,
			);
			path = NewProductPage;
			sourceTree = "<group>";
		};
		04EC24E82BF6494100BDF80E /* UpdateProductPage */ = {
			isa = PBXGroup;
			children = (
				04EC24E92BF6495100BDF80E /* UpdateProductVC.swift */,
				04A143752BFC79A00034441B /* UpdateProductViewModel.swift */,
			);
			path = UpdateProductPage;
			sourceTree = "<group>";
		};
/* End PBXGroup section */

/* Begin PBXNativeTarget section */
		04B268DD2B3D7DAD0096CB0C /* New Hall Cati */ = {
			isa = PBXNativeTarget;
			buildConfigurationList = 04B2690B2B3D7DAE0096CB0C /* Build configuration list for PBXNativeTarget "New Hall Cati" */;
			buildPhases = (
				04B268DA2B3D7DAD0096CB0C /* Sources */,
				04B268DB2B3D7DAD0096CB0C /* Frameworks */,
				04B268DC2B3D7DAD0096CB0C /* Resources */,
			);
			buildRules = (
			);
			dependencies = (
			);
			name = "New Hall Cati";
			packageProductDependencies = (
				046693332B4AC5A5000DED64 /* FirebaseAnalytics */,
				046693352B4AC5A5000DED64 /* FirebaseAnalyticsOnDeviceConversion */,
				046693372B4AC5A5000DED64 /* FirebaseAnalyticsSwift */,
				046693392B4AC5A5000DED64 /* FirebaseAnalyticsWithoutAdIdSupport */,
				0466933D2B4AC5A5000DED64 /* FirebaseAppDistribution-Beta */,
				0466933F2B4AC5A5000DED64 /* FirebaseAuth */,
				046693412B4AC5A5000DED64 /* FirebaseAuthCombine-Community */,
				046693432B4AC5A5000DED64 /* FirebaseCrashlytics */,
				046693452B4AC5A5000DED64 /* FirebaseDatabase */,
				046693472B4AC5A5000DED64 /* FirebaseDatabaseSwift */,
				046693492B4AC5A5000DED64 /* FirebaseDynamicLinks */,
				0466934B2B4AC5A5000DED64 /* FirebaseFirestore */,
				0466934D2B4AC5A5000DED64 /* FirebaseFirestoreSwift */,
				0466934F2B4AC5A5000DED64 /* FirebaseFunctions */,
				046693512B4AC5A5000DED64 /* FirebaseInstallations */,
				046693532B4AC5A5000DED64 /* FirebaseMLModelDownloader */,
				046693552B4AC5A5000DED64 /* FirebaseMessaging */,
				046693572B4AC5A5000DED64 /* FirebasePerformance */,
				046693592B4AC5A5000DED64 /* FirebaseRemoteConfig */,
				0466935B2B4AC5A5000DED64 /* FirebaseRemoteConfigSwift */,
				0466935D2B4AC5A5000DED64 /* FirebaseStorage */,
				046699662B4EA0920053C1BD /* FirebaseAppCheck */,
				047EA7F52B552EB000B3DDC7 /* SDWebImage */,
			);
			productName = "New Hall Cati";
			productReference = 04B268DE2B3D7DAD0096CB0C /* New Hall Cati.app */;
			productType = "com.apple.product-type.application";
		};
		04B268F62B3D7DAE0096CB0C /* New Hall CatiTests */ = {
			isa = PBXNativeTarget;
			buildConfigurationList = 04B2690E2B3D7DAE0096CB0C /* Build configuration list for PBXNativeTarget "New Hall CatiTests" */;
			buildPhases = (
				04B268F32B3D7DAE0096CB0C /* Sources */,
				04B268F42B3D7DAE0096CB0C /* Frameworks */,
				04B268F52B3D7DAE0096CB0C /* Resources */,
			);
			buildRules = (
			);
			dependencies = (
				04B268F92B3D7DAE0096CB0C /* PBXTargetDependency */,
			);
			name = "New Hall CatiTests";
			productName = "New Hall CatiTests";
			productReference = 04B268F72B3D7DAE0096CB0C /* New Hall CatiTests.xctest */;
			productType = "com.apple.product-type.bundle.unit-test";
		};
		04B269002B3D7DAE0096CB0C /* New Hall CatiUITests */ = {
			isa = PBXNativeTarget;
			buildConfigurationList = 04B269112B3D7DAE0096CB0C /* Build configuration list for PBXNativeTarget "New Hall CatiUITests" */;
			buildPhases = (
				04B268FD2B3D7DAE0096CB0C /* Sources */,
				04B268FE2B3D7DAE0096CB0C /* Frameworks */,
				04B268FF2B3D7DAE0096CB0C /* Resources */,
			);
			buildRules = (
			);
			dependencies = (
				04B269032B3D7DAE0096CB0C /* PBXTargetDependency */,
			);
			name = "New Hall CatiUITests";
			productName = "New Hall CatiUITests";
			productReference = 04B269012B3D7DAE0096CB0C /* New Hall CatiUITests.xctest */;
			productType = "com.apple.product-type.bundle.ui-testing";
		};
/* End PBXNativeTarget section */

/* Begin PBXProject section */
		04B268D62B3D7DAD0096CB0C /* Project object */ = {
			isa = PBXProject;
			attributes = {
				BuildIndependentTargetsInParallel = 1;
				LastSwiftUpdateCheck = 1430;
				LastUpgradeCheck = 1430;
				TargetAttributes = {
					04B268DD2B3D7DAD0096CB0C = {
						CreatedOnToolsVersion = 14.3.1;
					};
					04B268F62B3D7DAE0096CB0C = {
						CreatedOnToolsVersion = 14.3.1;
						TestTargetID = 04B268DD2B3D7DAD0096CB0C;
					};
					04B269002B3D7DAE0096CB0C = {
						CreatedOnToolsVersion = 14.3.1;
						TestTargetID = 04B268DD2B3D7DAD0096CB0C;
					};
				};
			};
			buildConfigurationList = 04B268D92B3D7DAD0096CB0C /* Build configuration list for PBXProject "New Hall Cati" */;
			compatibilityVersion = "Xcode 14.0";
			developmentRegion = en;
			hasScannedForEncodings = 0;
			knownRegions = (
				en,
				Base,
			);
			mainGroup = 04B268D52B3D7DAD0096CB0C;
			packageReferences = (
				046693322B4AC5A5000DED64 /* XCRemoteSwiftPackageReference "firebase-ios-sdk" */,
				047EA7F42B552EB000B3DDC7 /* XCRemoteSwiftPackageReference "SDWebImage" */,
			);
			productRefGroup = 04B268DF2B3D7DAD0096CB0C /* Products */;
			projectDirPath = "";
			projectRoot = "";
			targets = (
				04B268DD2B3D7DAD0096CB0C /* New Hall Cati */,
				04B268F62B3D7DAE0096CB0C /* New Hall CatiTests */,
				04B269002B3D7DAE0096CB0C /* New Hall CatiUITests */,
			);
		};
/* End PBXProject section */

/* Begin PBXResourcesBuildPhase section */
		04B268DC2B3D7DAD0096CB0C /* Resources */ = {
			isa = PBXResourcesBuildPhase;
			buildActionMask = 2147483647;
			files = (
				04B2691E2B3D9FE60096CB0C /* Pacifico-Regular.ttf in Resources */,
				04B268F12B3D7DAE0096CB0C /* LaunchScreen.storyboard in Resources */,
				046693312B4AC32F000DED64 /* GoogleService-Info.plist in Resources */,
				04B268EE2B3D7DAE0096CB0C /* Assets.xcassets in Resources */,
			);
			runOnlyForDeploymentPostprocessing = 0;
		};
		04B268F52B3D7DAE0096CB0C /* Resources */ = {
			isa = PBXResourcesBuildPhase;
			buildActionMask = 2147483647;
			files = (
			);
			runOnlyForDeploymentPostprocessing = 0;
		};
		04B268FF2B3D7DAE0096CB0C /* Resources */ = {
			isa = PBXResourcesBuildPhase;
			buildActionMask = 2147483647;
			files = (
			);
			runOnlyForDeploymentPostprocessing = 0;
		};
/* End PBXResourcesBuildPhase section */

/* Begin PBXSourcesBuildPhase section */
		04B268DA2B3D7DAD0096CB0C /* Sources */ = {
			isa = PBXSourcesBuildPhase;
			buildActionMask = 2147483647;
			files = (
				046692FF2B3F3BF5000DED64 /* DishCell.swift in Sources */,
				04B269192B3D84FC0096CB0C /* Constants.swift in Sources */,
				0466995E2B4DF46B0053C1BD /* GetDailyMainDish.swift in Sources */,
				04EC24E72BF5F3DF00BDF80E /* NewProductVC.swift in Sources */,
				046699582B4C8A260053C1BD /* FirebaseHelper.swift in Sources */,
				047EA7FA2B59A53600B3DDC7 /* UIViewController+Extension.swift in Sources */,
				04B2691B2B3D86680096CB0C /* OnboardingViewModel.swift in Sources */,
				04B268EC2B3D7DAD0096CB0C /* New_Hall_Cati.xcdatamodeld in Sources */,
				04B268E62B3D7DAD0096CB0C /* OnboardingVC.swift in Sources */,
				04B268E22B3D7DAD0096CB0C /* AppDelegate.swift in Sources */,
				046699622B4E98CD0053C1BD /* GetDailyDessert.swift in Sources */,
				0466998E2B5082700053C1BD /* GetAllSnack.swift in Sources */,
				0466998C2B5082660053C1BD /* GetAllDessert.swift in Sources */,
				04B269212B3DA07D0096CB0C /* UIFont+Extension.swift in Sources */,
				0466996B2B4EC0170053C1BD /* User.swift in Sources */,
				04EC24EA2BF6495100BDF80E /* UpdateProductVC.swift in Sources */,
				046693022B3F415E000DED64 /* CustomImageView.swift in Sources */,
				0466998A2B50825A0053C1BD /* GetAllMainDish.swift in Sources */,
				046692FC2B3F021A000DED64 /* MainPageViewModel.swift in Sources */,
				046693182B454B78000DED64 /* AdminPageVC.swift in Sources */,
				046693052B3F50EA000DED64 /* Product.swift in Sources */,
				046692FA2B3EF2CA000DED64 /* MainPageVC.swift in Sources */,
				046699692B4EAF4F0053C1BD /* GetAllDrink.swift in Sources */,
				046699562B4C80180053C1BD /* FirebaseManager.swift in Sources */,
				047EA7F82B59A01000B3DDC7 /* CustomWorkingHourView.swift in Sources */,
				04B268E42B3D7DAD0096CB0C /* SceneDelegate.swift in Sources */,
				04A143762BFC79A00034441B /* UpdateProductViewModel.swift in Sources */,
				0466931A2B454BAF000DED64 /* AdminPageViewModel.swift in Sources */,
				046699602B4DF6CB0053C1BD /* FirebaseConstants.swift in Sources */,
				046699902B50827A0053C1BD /* GetDailySnack.swift in Sources */,
				0466931F2B45748A000DED64 /* CellView.swift in Sources */,
			);
			runOnlyForDeploymentPostprocessing = 0;
		};
		04B268F32B3D7DAE0096CB0C /* Sources */ = {
			isa = PBXSourcesBuildPhase;
			buildActionMask = 2147483647;
			files = (
				04B268FC2B3D7DAE0096CB0C /* New_Hall_CatiTests.swift in Sources */,
			);
			runOnlyForDeploymentPostprocessing = 0;
		};
		04B268FD2B3D7DAE0096CB0C /* Sources */ = {
			isa = PBXSourcesBuildPhase;
			buildActionMask = 2147483647;
			files = (
				04B269062B3D7DAE0096CB0C /* New_Hall_CatiUITests.swift in Sources */,
				04B269082B3D7DAE0096CB0C /* New_Hall_CatiUITestsLaunchTests.swift in Sources */,
			);
			runOnlyForDeploymentPostprocessing = 0;
		};
/* End PBXSourcesBuildPhase section */

/* Begin PBXTargetDependency section */
		04B268F92B3D7DAE0096CB0C /* PBXTargetDependency */ = {
			isa = PBXTargetDependency;
			target = 04B268DD2B3D7DAD0096CB0C /* New Hall Cati */;
			targetProxy = 04B268F82B3D7DAE0096CB0C /* PBXContainerItemProxy */;
		};
		04B269032B3D7DAE0096CB0C /* PBXTargetDependency */ = {
			isa = PBXTargetDependency;
			target = 04B268DD2B3D7DAD0096CB0C /* New Hall Cati */;
			targetProxy = 04B269022B3D7DAE0096CB0C /* PBXContainerItemProxy */;
		};
/* End PBXTargetDependency section */

/* Begin PBXVariantGroup section */
		04B268EF2B3D7DAE0096CB0C /* LaunchScreen.storyboard */ = {
			isa = PBXVariantGroup;
			children = (
				04B268F02B3D7DAE0096CB0C /* Base */,
			);
			name = LaunchScreen.storyboard;
			sourceTree = "<group>";
		};
/* End PBXVariantGroup section */

/* Begin XCBuildConfiguration section */
		04B269092B3D7DAE0096CB0C /* Debug */ = {
			isa = XCBuildConfiguration;
			buildSettings = {
				ALWAYS_SEARCH_USER_PATHS = NO;
				CLANG_ANALYZER_NONNULL = YES;
				CLANG_ANALYZER_NUMBER_OBJECT_CONVERSION = YES_AGGRESSIVE;
				CLANG_CXX_LANGUAGE_STANDARD = "gnu++20";
				CLANG_ENABLE_MODULES = YES;
				CLANG_ENABLE_OBJC_ARC = YES;
				CLANG_ENABLE_OBJC_WEAK = YES;
				CLANG_WARN_BLOCK_CAPTURE_AUTORELEASING = YES;
				CLANG_WARN_BOOL_CONVERSION = YES;
				CLANG_WARN_COMMA = YES;
				CLANG_WARN_CONSTANT_CONVERSION = YES;
				CLANG_WARN_DEPRECATED_OBJC_IMPLEMENTATIONS = YES;
				CLANG_WARN_DIRECT_OBJC_ISA_USAGE = YES_ERROR;
				CLANG_WARN_DOCUMENTATION_COMMENTS = YES;
				CLANG_WARN_EMPTY_BODY = YES;
				CLANG_WARN_ENUM_CONVERSION = YES;
				CLANG_WARN_INFINITE_RECURSION = YES;
				CLANG_WARN_INT_CONVERSION = YES;
				CLANG_WARN_NON_LITERAL_NULL_CONVERSION = YES;
				CLANG_WARN_OBJC_IMPLICIT_RETAIN_SELF = YES;
				CLANG_WARN_OBJC_LITERAL_CONVERSION = YES;
				CLANG_WARN_OBJC_ROOT_CLASS = YES_ERROR;
				CLANG_WARN_QUOTED_INCLUDE_IN_FRAMEWORK_HEADER = YES;
				CLANG_WARN_RANGE_LOOP_ANALYSIS = YES;
				CLANG_WARN_STRICT_PROTOTYPES = YES;
				CLANG_WARN_SUSPICIOUS_MOVE = YES;
				CLANG_WARN_UNGUARDED_AVAILABILITY = YES_AGGRESSIVE;
				CLANG_WARN_UNREACHABLE_CODE = YES;
				CLANG_WARN__DUPLICATE_METHOD_MATCH = YES;
				COPY_PHASE_STRIP = NO;
				DEBUG_INFORMATION_FORMAT = dwarf;
				ENABLE_STRICT_OBJC_MSGSEND = YES;
				ENABLE_TESTABILITY = YES;
				GCC_C_LANGUAGE_STANDARD = gnu11;
				GCC_DYNAMIC_NO_PIC = NO;
				GCC_NO_COMMON_BLOCKS = YES;
				GCC_OPTIMIZATION_LEVEL = 0;
				GCC_PREPROCESSOR_DEFINITIONS = (
					"DEBUG=1",
					"$(inherited)",
				);
				GCC_WARN_64_TO_32_BIT_CONVERSION = YES;
				GCC_WARN_ABOUT_RETURN_TYPE = YES_ERROR;
				GCC_WARN_UNDECLARED_SELECTOR = YES;
				GCC_WARN_UNINITIALIZED_AUTOS = YES_AGGRESSIVE;
				GCC_WARN_UNUSED_FUNCTION = YES;
				GCC_WARN_UNUSED_VARIABLE = YES;
				IPHONEOS_DEPLOYMENT_TARGET = 16.4;
				MTL_ENABLE_DEBUG_INFO = INCLUDE_SOURCE;
				MTL_FAST_MATH = YES;
				ONLY_ACTIVE_ARCH = YES;
				SDKROOT = iphoneos;
				SWIFT_ACTIVE_COMPILATION_CONDITIONS = DEBUG;
				SWIFT_OPTIMIZATION_LEVEL = "-Onone";
			};
			name = Debug;
		};
		04B2690A2B3D7DAE0096CB0C /* Release */ = {
			isa = XCBuildConfiguration;
			buildSettings = {
				ALWAYS_SEARCH_USER_PATHS = NO;
				CLANG_ANALYZER_NONNULL = YES;
				CLANG_ANALYZER_NUMBER_OBJECT_CONVERSION = YES_AGGRESSIVE;
				CLANG_CXX_LANGUAGE_STANDARD = "gnu++20";
				CLANG_ENABLE_MODULES = YES;
				CLANG_ENABLE_OBJC_ARC = YES;
				CLANG_ENABLE_OBJC_WEAK = YES;
				CLANG_WARN_BLOCK_CAPTURE_AUTORELEASING = YES;
				CLANG_WARN_BOOL_CONVERSION = YES;
				CLANG_WARN_COMMA = YES;
				CLANG_WARN_CONSTANT_CONVERSION = YES;
				CLANG_WARN_DEPRECATED_OBJC_IMPLEMENTATIONS = YES;
				CLANG_WARN_DIRECT_OBJC_ISA_USAGE = YES_ERROR;
				CLANG_WARN_DOCUMENTATION_COMMENTS = YES;
				CLANG_WARN_EMPTY_BODY = YES;
				CLANG_WARN_ENUM_CONVERSION = YES;
				CLANG_WARN_INFINITE_RECURSION = YES;
				CLANG_WARN_INT_CONVERSION = YES;
				CLANG_WARN_NON_LITERAL_NULL_CONVERSION = YES;
				CLANG_WARN_OBJC_IMPLICIT_RETAIN_SELF = YES;
				CLANG_WARN_OBJC_LITERAL_CONVERSION = YES;
				CLANG_WARN_OBJC_ROOT_CLASS = YES_ERROR;
				CLANG_WARN_QUOTED_INCLUDE_IN_FRAMEWORK_HEADER = YES;
				CLANG_WARN_RANGE_LOOP_ANALYSIS = YES;
				CLANG_WARN_STRICT_PROTOTYPES = YES;
				CLANG_WARN_SUSPICIOUS_MOVE = YES;
				CLANG_WARN_UNGUARDED_AVAILABILITY = YES_AGGRESSIVE;
				CLANG_WARN_UNREACHABLE_CODE = YES;
				CLANG_WARN__DUPLICATE_METHOD_MATCH = YES;
				COPY_PHASE_STRIP = NO;
				DEBUG_INFORMATION_FORMAT = "dwarf-with-dsym";
				ENABLE_NS_ASSERTIONS = NO;
				ENABLE_STRICT_OBJC_MSGSEND = YES;
				GCC_C_LANGUAGE_STANDARD = gnu11;
				GCC_NO_COMMON_BLOCKS = YES;
				GCC_WARN_64_TO_32_BIT_CONVERSION = YES;
				GCC_WARN_ABOUT_RETURN_TYPE = YES_ERROR;
				GCC_WARN_UNDECLARED_SELECTOR = YES;
				GCC_WARN_UNINITIALIZED_AUTOS = YES_AGGRESSIVE;
				GCC_WARN_UNUSED_FUNCTION = YES;
				GCC_WARN_UNUSED_VARIABLE = YES;
				IPHONEOS_DEPLOYMENT_TARGET = 16.4;
				MTL_ENABLE_DEBUG_INFO = NO;
				MTL_FAST_MATH = YES;
				SDKROOT = iphoneos;
				SWIFT_COMPILATION_MODE = wholemodule;
				SWIFT_OPTIMIZATION_LEVEL = "-O";
				VALIDATE_PRODUCT = YES;
			};
			name = Release;
		};
		04B2690C2B3D7DAE0096CB0C /* Debug */ = {
			isa = XCBuildConfiguration;
			buildSettings = {
				ASSETCATALOG_COMPILER_APPICON_NAME = AppIcon;
				ASSETCATALOG_COMPILER_GLOBAL_ACCENT_COLOR_NAME = AccentColor;
				CODE_SIGN_STYLE = Automatic;
				CURRENT_PROJECT_VERSION = 1;
				DEVELOPMENT_TEAM = PM64LP239P;
				GENERATE_INFOPLIST_FILE = YES;
				INFOPLIST_FILE = "New Hall Cati/Info.plist";
				INFOPLIST_KEY_UIApplicationSupportsIndirectInputEvents = YES;
				INFOPLIST_KEY_UILaunchStoryboardName = LaunchScreen;
				INFOPLIST_KEY_UISupportedInterfaceOrientations = UIInterfaceOrientationPortrait;
				INFOPLIST_KEY_UISupportedInterfaceOrientations_iPad = "UIInterfaceOrientationLandscapeLeft UIInterfaceOrientationLandscapeRight UIInterfaceOrientationPortrait UIInterfaceOrientationPortraitUpsideDown";
				IPHONEOS_DEPLOYMENT_TARGET = 15.0;
				LD_RUNPATH_SEARCH_PATHS = (
					"$(inherited)",
					"@executable_path/Frameworks",
				);
				MARKETING_VERSION = 1.0;
				PRODUCT_BUNDLE_IDENTIFIER = "com.furkanvural.New-Hall-Cati";
				PRODUCT_NAME = "$(TARGET_NAME)";
				SUPPORTED_PLATFORMS = "iphoneos iphonesimulator";
				SUPPORTS_MACCATALYST = NO;
				SUPPORTS_MAC_DESIGNED_FOR_IPHONE_IPAD = NO;
				SWIFT_EMIT_LOC_STRINGS = YES;
				SWIFT_VERSION = 5.0;
				TARGETED_DEVICE_FAMILY = 1;
			};
			name = Debug;
		};
		04B2690D2B3D7DAE0096CB0C /* Release */ = {
			isa = XCBuildConfiguration;
			buildSettings = {
				ASSETCATALOG_COMPILER_APPICON_NAME = AppIcon;
				ASSETCATALOG_COMPILER_GLOBAL_ACCENT_COLOR_NAME = AccentColor;
				CODE_SIGN_STYLE = Automatic;
				CURRENT_PROJECT_VERSION = 1;
				DEVELOPMENT_TEAM = PM64LP239P;
				GENERATE_INFOPLIST_FILE = YES;
				INFOPLIST_FILE = "New Hall Cati/Info.plist";
				INFOPLIST_KEY_UIApplicationSupportsIndirectInputEvents = YES;
				INFOPLIST_KEY_UILaunchStoryboardName = LaunchScreen;
				INFOPLIST_KEY_UISupportedInterfaceOrientations = UIInterfaceOrientationPortrait;
				INFOPLIST_KEY_UISupportedInterfaceOrientations_iPad = "UIInterfaceOrientationLandscapeLeft UIInterfaceOrientationLandscapeRight UIInterfaceOrientationPortrait UIInterfaceOrientationPortraitUpsideDown";
				IPHONEOS_DEPLOYMENT_TARGET = 15.0;
				LD_RUNPATH_SEARCH_PATHS = (
					"$(inherited)",
					"@executable_path/Frameworks",
				);
				MARKETING_VERSION = 1.0;
				PRODUCT_BUNDLE_IDENTIFIER = "com.furkanvural.New-Hall-Cati";
				PRODUCT_NAME = "$(TARGET_NAME)";
				SUPPORTED_PLATFORMS = "iphoneos iphonesimulator";
				SUPPORTS_MACCATALYST = NO;
				SUPPORTS_MAC_DESIGNED_FOR_IPHONE_IPAD = NO;
				SWIFT_EMIT_LOC_STRINGS = YES;
				SWIFT_VERSION = 5.0;
				TARGETED_DEVICE_FAMILY = 1;
			};
			name = Release;
		};
		04B2690F2B3D7DAE0096CB0C /* Debug */ = {
			isa = XCBuildConfiguration;
			buildSettings = {
				ALWAYS_EMBED_SWIFT_STANDARD_LIBRARIES = YES;
				BUNDLE_LOADER = "$(TEST_HOST)";
				CODE_SIGN_STYLE = Automatic;
				CURRENT_PROJECT_VERSION = 1;
				DEVELOPMENT_TEAM = PM64LP239P;
				GENERATE_INFOPLIST_FILE = YES;
				IPHONEOS_DEPLOYMENT_TARGET = 16.4;
				MARKETING_VERSION = 1.0;
				PRODUCT_BUNDLE_IDENTIFIER = "com.furkanvural.New-Hall-CatiTests";
				PRODUCT_NAME = "$(TARGET_NAME)";
				SWIFT_EMIT_LOC_STRINGS = NO;
				SWIFT_VERSION = 5.0;
				TARGETED_DEVICE_FAMILY = "1,2";
				TEST_HOST = "$(BUILT_PRODUCTS_DIR)/New Hall Cati.app/$(BUNDLE_EXECUTABLE_FOLDER_PATH)/New Hall Cati";
			};
			name = Debug;
		};
		04B269102B3D7DAE0096CB0C /* Release */ = {
			isa = XCBuildConfiguration;
			buildSettings = {
				ALWAYS_EMBED_SWIFT_STANDARD_LIBRARIES = YES;
				BUNDLE_LOADER = "$(TEST_HOST)";
				CODE_SIGN_STYLE = Automatic;
				CURRENT_PROJECT_VERSION = 1;
				DEVELOPMENT_TEAM = PM64LP239P;
				GENERATE_INFOPLIST_FILE = YES;
				IPHONEOS_DEPLOYMENT_TARGET = 16.4;
				MARKETING_VERSION = 1.0;
				PRODUCT_BUNDLE_IDENTIFIER = "com.furkanvural.New-Hall-CatiTests";
				PRODUCT_NAME = "$(TARGET_NAME)";
				SWIFT_EMIT_LOC_STRINGS = NO;
				SWIFT_VERSION = 5.0;
				TARGETED_DEVICE_FAMILY = "1,2";
				TEST_HOST = "$(BUILT_PRODUCTS_DIR)/New Hall Cati.app/$(BUNDLE_EXECUTABLE_FOLDER_PATH)/New Hall Cati";
			};
			name = Release;
		};
		04B269122B3D7DAE0096CB0C /* Debug */ = {
			isa = XCBuildConfiguration;
			buildSettings = {
				ALWAYS_EMBED_SWIFT_STANDARD_LIBRARIES = YES;
				CODE_SIGN_STYLE = Automatic;
				CURRENT_PROJECT_VERSION = 1;
				DEVELOPMENT_TEAM = PM64LP239P;
				GENERATE_INFOPLIST_FILE = YES;
				MARKETING_VERSION = 1.0;
				PRODUCT_BUNDLE_IDENTIFIER = "com.furkanvural.New-Hall-CatiUITests";
				PRODUCT_NAME = "$(TARGET_NAME)";
				SWIFT_EMIT_LOC_STRINGS = NO;
				SWIFT_VERSION = 5.0;
				TARGETED_DEVICE_FAMILY = "1,2";
				TEST_TARGET_NAME = "New Hall Cati";
			};
			name = Debug;
		};
		04B269132B3D7DAE0096CB0C /* Release */ = {
			isa = XCBuildConfiguration;
			buildSettings = {
				ALWAYS_EMBED_SWIFT_STANDARD_LIBRARIES = YES;
				CODE_SIGN_STYLE = Automatic;
				CURRENT_PROJECT_VERSION = 1;
				DEVELOPMENT_TEAM = PM64LP239P;
				GENERATE_INFOPLIST_FILE = YES;
				MARKETING_VERSION = 1.0;
				PRODUCT_BUNDLE_IDENTIFIER = "com.furkanvural.New-Hall-CatiUITests";
				PRODUCT_NAME = "$(TARGET_NAME)";
				SWIFT_EMIT_LOC_STRINGS = NO;
				SWIFT_VERSION = 5.0;
				TARGETED_DEVICE_FAMILY = "1,2";
				TEST_TARGET_NAME = "New Hall Cati";
			};
			name = Release;
		};
/* End XCBuildConfiguration section */

/* Begin XCConfigurationList section */
		04B268D92B3D7DAD0096CB0C /* Build configuration list for PBXProject "New Hall Cati" */ = {
			isa = XCConfigurationList;
			buildConfigurations = (
				04B269092B3D7DAE0096CB0C /* Debug */,
				04B2690A2B3D7DAE0096CB0C /* Release */,
			);
			defaultConfigurationIsVisible = 0;
			defaultConfigurationName = Release;
		};
		04B2690B2B3D7DAE0096CB0C /* Build configuration list for PBXNativeTarget "New Hall Cati" */ = {
			isa = XCConfigurationList;
			buildConfigurations = (
				04B2690C2B3D7DAE0096CB0C /* Debug */,
				04B2690D2B3D7DAE0096CB0C /* Release */,
			);
			defaultConfigurationIsVisible = 0;
			defaultConfigurationName = Release;
		};
		04B2690E2B3D7DAE0096CB0C /* Build configuration list for PBXNativeTarget "New Hall CatiTests" */ = {
			isa = XCConfigurationList;
			buildConfigurations = (
				04B2690F2B3D7DAE0096CB0C /* Debug */,
				04B269102B3D7DAE0096CB0C /* Release */,
			);
			defaultConfigurationIsVisible = 0;
			defaultConfigurationName = Release;
		};
		04B269112B3D7DAE0096CB0C /* Build configuration list for PBXNativeTarget "New Hall CatiUITests" */ = {
			isa = XCConfigurationList;
			buildConfigurations = (
				04B269122B3D7DAE0096CB0C /* Debug */,
				04B269132B3D7DAE0096CB0C /* Release */,
			);
			defaultConfigurationIsVisible = 0;
			defaultConfigurationName = Release;
		};
/* End XCConfigurationList section */

/* Begin XCRemoteSwiftPackageReference section */
		046693322B4AC5A5000DED64 /* XCRemoteSwiftPackageReference "firebase-ios-sdk" */ = {
			isa = XCRemoteSwiftPackageReference;
			repositoryURL = "https://github.com/firebase/firebase-ios-sdk";
			requirement = {
				kind = upToNextMajorVersion;
				minimumVersion = 10.19.1;
			};
		};
		047EA7F42B552EB000B3DDC7 /* XCRemoteSwiftPackageReference "SDWebImage" */ = {
			isa = XCRemoteSwiftPackageReference;
			repositoryURL = "https://github.com/SDWebImage/SDWebImage";
			requirement = {
				kind = upToNextMajorVersion;
				minimumVersion = 5.18.10;
			};
		};
/* End XCRemoteSwiftPackageReference section */

/* Begin XCSwiftPackageProductDependency section */
		046693332B4AC5A5000DED64 /* FirebaseAnalytics */ = {
			isa = XCSwiftPackageProductDependency;
			package = 046693322B4AC5A5000DED64 /* XCRemoteSwiftPackageReference "firebase-ios-sdk" */;
			productName = FirebaseAnalytics;
		};
		046693352B4AC5A5000DED64 /* FirebaseAnalyticsOnDeviceConversion */ = {
			isa = XCSwiftPackageProductDependency;
			package = 046693322B4AC5A5000DED64 /* XCRemoteSwiftPackageReference "firebase-ios-sdk" */;
			productName = FirebaseAnalyticsOnDeviceConversion;
		};
		046693372B4AC5A5000DED64 /* FirebaseAnalyticsSwift */ = {
			isa = XCSwiftPackageProductDependency;
			package = 046693322B4AC5A5000DED64 /* XCRemoteSwiftPackageReference "firebase-ios-sdk" */;
			productName = FirebaseAnalyticsSwift;
		};
		046693392B4AC5A5000DED64 /* FirebaseAnalyticsWithoutAdIdSupport */ = {
			isa = XCSwiftPackageProductDependency;
			package = 046693322B4AC5A5000DED64 /* XCRemoteSwiftPackageReference "firebase-ios-sdk" */;
			productName = FirebaseAnalyticsWithoutAdIdSupport;
		};
		0466933D2B4AC5A5000DED64 /* FirebaseAppDistribution-Beta */ = {
			isa = XCSwiftPackageProductDependency;
			package = 046693322B4AC5A5000DED64 /* XCRemoteSwiftPackageReference "firebase-ios-sdk" */;
			productName = "FirebaseAppDistribution-Beta";
		};
		0466933F2B4AC5A5000DED64 /* FirebaseAuth */ = {
			isa = XCSwiftPackageProductDependency;
			package = 046693322B4AC5A5000DED64 /* XCRemoteSwiftPackageReference "firebase-ios-sdk" */;
			productName = FirebaseAuth;
		};
		046693412B4AC5A5000DED64 /* FirebaseAuthCombine-Community */ = {
			isa = XCSwiftPackageProductDependency;
			package = 046693322B4AC5A5000DED64 /* XCRemoteSwiftPackageReference "firebase-ios-sdk" */;
			productName = "FirebaseAuthCombine-Community";
		};
		046693432B4AC5A5000DED64 /* FirebaseCrashlytics */ = {
			isa = XCSwiftPackageProductDependency;
			package = 046693322B4AC5A5000DED64 /* XCRemoteSwiftPackageReference "firebase-ios-sdk" */;
			productName = FirebaseCrashlytics;
		};
		046693452B4AC5A5000DED64 /* FirebaseDatabase */ = {
			isa = XCSwiftPackageProductDependency;
			package = 046693322B4AC5A5000DED64 /* XCRemoteSwiftPackageReference "firebase-ios-sdk" */;
			productName = FirebaseDatabase;
		};
		046693472B4AC5A5000DED64 /* FirebaseDatabaseSwift */ = {
			isa = XCSwiftPackageProductDependency;
			package = 046693322B4AC5A5000DED64 /* XCRemoteSwiftPackageReference "firebase-ios-sdk" */;
			productName = FirebaseDatabaseSwift;
		};
		046693492B4AC5A5000DED64 /* FirebaseDynamicLinks */ = {
			isa = XCSwiftPackageProductDependency;
			package = 046693322B4AC5A5000DED64 /* XCRemoteSwiftPackageReference "firebase-ios-sdk" */;
			productName = FirebaseDynamicLinks;
		};
		0466934B2B4AC5A5000DED64 /* FirebaseFirestore */ = {
			isa = XCSwiftPackageProductDependency;
			package = 046693322B4AC5A5000DED64 /* XCRemoteSwiftPackageReference "firebase-ios-sdk" */;
			productName = FirebaseFirestore;
		};
		0466934D2B4AC5A5000DED64 /* FirebaseFirestoreSwift */ = {
			isa = XCSwiftPackageProductDependency;
			package = 046693322B4AC5A5000DED64 /* XCRemoteSwiftPackageReference "firebase-ios-sdk" */;
			productName = FirebaseFirestoreSwift;
		};
		0466934F2B4AC5A5000DED64 /* FirebaseFunctions */ = {
			isa = XCSwiftPackageProductDependency;
			package = 046693322B4AC5A5000DED64 /* XCRemoteSwiftPackageReference "firebase-ios-sdk" */;
			productName = FirebaseFunctions;
		};
		046693512B4AC5A5000DED64 /* FirebaseInstallations */ = {
			isa = XCSwiftPackageProductDependency;
			package = 046693322B4AC5A5000DED64 /* XCRemoteSwiftPackageReference "firebase-ios-sdk" */;
			productName = FirebaseInstallations;
		};
		046693532B4AC5A5000DED64 /* FirebaseMLModelDownloader */ = {
			isa = XCSwiftPackageProductDependency;
			package = 046693322B4AC5A5000DED64 /* XCRemoteSwiftPackageReference "firebase-ios-sdk" */;
			productName = FirebaseMLModelDownloader;
		};
		046693552B4AC5A5000DED64 /* FirebaseMessaging */ = {
			isa = XCSwiftPackageProductDependency;
			package = 046693322B4AC5A5000DED64 /* XCRemoteSwiftPackageReference "firebase-ios-sdk" */;
			productName = FirebaseMessaging;
		};
		046693572B4AC5A5000DED64 /* FirebasePerformance */ = {
			isa = XCSwiftPackageProductDependency;
			package = 046693322B4AC5A5000DED64 /* XCRemoteSwiftPackageReference "firebase-ios-sdk" */;
			productName = FirebasePerformance;
		};
		046693592B4AC5A5000DED64 /* FirebaseRemoteConfig */ = {
			isa = XCSwiftPackageProductDependency;
			package = 046693322B4AC5A5000DED64 /* XCRemoteSwiftPackageReference "firebase-ios-sdk" */;
			productName = FirebaseRemoteConfig;
		};
		0466935B2B4AC5A5000DED64 /* FirebaseRemoteConfigSwift */ = {
			isa = XCSwiftPackageProductDependency;
			package = 046693322B4AC5A5000DED64 /* XCRemoteSwiftPackageReference "firebase-ios-sdk" */;
			productName = FirebaseRemoteConfigSwift;
		};
		0466935D2B4AC5A5000DED64 /* FirebaseStorage */ = {
			isa = XCSwiftPackageProductDependency;
			package = 046693322B4AC5A5000DED64 /* XCRemoteSwiftPackageReference "firebase-ios-sdk" */;
			productName = FirebaseStorage;
		};
		046699662B4EA0920053C1BD /* FirebaseAppCheck */ = {
			isa = XCSwiftPackageProductDependency;
			package = 046693322B4AC5A5000DED64 /* XCRemoteSwiftPackageReference "firebase-ios-sdk" */;
			productName = FirebaseAppCheck;
		};
		047EA7F52B552EB000B3DDC7 /* SDWebImage */ = {
			isa = XCSwiftPackageProductDependency;
			package = 047EA7F42B552EB000B3DDC7 /* XCRemoteSwiftPackageReference "SDWebImage" */;
			productName = SDWebImage;
		};
/* End XCSwiftPackageProductDependency section */

/* Begin XCVersionGroup section */
		04B268EA2B3D7DAD0096CB0C /* New_Hall_Cati.xcdatamodeld */ = {
			isa = XCVersionGroup;
			children = (
				04B268EB2B3D7DAD0096CB0C /* New_Hall_Cati.xcdatamodel */,
			);
			currentVersion = 04B268EB2B3D7DAD0096CB0C /* New_Hall_Cati.xcdatamodel */;
			path = New_Hall_Cati.xcdatamodeld;
			sourceTree = "<group>";
			versionGroupType = wrapper.xcdatamodel;
		};
/* End XCVersionGroup section */
	};
	rootObject = 04B268D62B3D7DAD0096CB0C /* Project object */;
}
